
Microsoft Visual Studio Solution File, Format Version 12.00
# Visual Studio 2013
VisualStudioVersion = 12.0.40629.0
MinimumVisualStudioVersion = 10.0.40219.1
Project("{8BC9CEB8-8B4A-11D0-8D11-00A0C91BC942}") = "dd4cd", "dd4cd.vcxproj", "{282A3789-B2DE-4E62-A710-D8EFF407845C}"
EndProject
Global
	GlobalSection(SolutionConfigurationPlatforms) = preSolution
		Debug|Win32 = Debug|Win32
		Release|Win32 = Release|Win32
	EndGlobalSection
	GlobalSection(ProjectConfigurationPlatforms) = postSolution
		{282A3789-B2DE-4E62-A710-D8EFF407845C}.Debug|Win32.ActiveCfg = Debug|Win32
		{282A3789-B2DE-4E62-A710-D8EFF407845C}.Debug|Win32.Build.0 = Debug|Win32
		{282A3789-B2DE-4E62-A710-D8EFF407845C}.Release|Win32.ActiveCfg = Release|Win32
		{282A3789-B2DE-4E62-A710-D8EFF407845C}.Release|Win32.Build.0 = Release|Win32
	EndGlobalSection
	GlobalSection(SolutionProperties) = preSolution
		HideSolutionNode = FALSE
	EndGlobalSection
EndGlobal
